
Microsoft Visual Studio Solution File, Format Version 12.00
# Visual Studio Version 17
VisualStudioVersion = 17.12.35707.178
MinimumVisualStudioVersion = 10.0.40219.1
Project("{2150E333-8FDC-42A3-9474-1A3956D46DE8}") = "Services", "Services", "{8F78161C-341A-4641-B648-90E66E895C3F}"
EndProject
Project("{2150E333-8FDC-42A3-9474-1A3956D46DE8}") = "CRM", "CRM", "{84C8AE78-1860-4356-9621-4049D128FEE4}"
EndProject
Project("{FAE04EC0-301F-11D3-BF4B-00C04F79EFBC}") = "CRM.API", "CRM.API\CRM.API.csproj", "{E6649780-BA0B-4A5C-8D81-BFC5E714E49E}"
EndProject
Project("{FAE04EC0-301F-11D3-BF4B-00C04F79EFBC}") = "CRM.Application", "CRM.Application\CRM.Application.csproj", "{1D6844CD-0EE1-4C14-BC47-0F75AB095985}"
EndProject
Project("{FAE04EC0-301F-11D3-BF4B-00C04F79EFBC}") = "CRM.Domain", "CRM.Domain\CRM.Domain.csproj", "{4AC099D8-360D-4F09-BD7F-79F5EDADCED5}"
EndProject
Project("{FAE04EC0-301F-11D3-BF4B-00C04F79EFBC}") = "CRM.Infrastructure", "CRM.Infrastructure\CRM.Infrastructure.csproj", "{8B2C3632-ECA6-47DF-A191-D0FA686734D4}"
EndProject
Project("{2150E333-8FDC-42A3-9474-1A3956D46DE8}") = "Shared", "Shared", "{1E3350D8-E501-4928-9E56-5CEB6E3E1861}"
EndProject
Project("{FAE04EC0-301F-11D3-BF4B-00C04F79EFBC}") = "Kernal", "Kernal\Kernal.csproj", "{46A5A56D-AE30-4BEC-8BEA-B556038FE1E0}"
EndProject
Project("{FAE04EC0-301F-11D3-BF4B-00C04F79EFBC}") = "Persistence", "Persistence\Persistence.csproj", "{B5F0CF89-7023-4FCD-809A-D5EA52CDDEB9}"
EndProject
Project("{2150E333-8FDC-42A3-9474-1A3956D46DE8}") = "Identity", "Identity", "{12FA2D10-91CC-4316-AA5A-93922ECB492E}"
EndProject
Project("{FAE04EC0-301F-11D3-BF4B-00C04F79EFBC}") = "Identity.Api", "Identity.Api\Identity.Api.csproj", "{46FD68A9-8016-440E-8F8F-35697902A8DD}"
EndProject
Project("{FAE04EC0-301F-11D3-BF4B-00C04F79EFBC}") = "Identity.Domain", "Identity.Domain\Identity.Domain.csproj", "{54015624-E6A4-4CB7-ACB8-FE9D35725FB1}"
EndProject
Project("{FAE04EC0-301F-11D3-BF4B-00C04F79EFBC}") = "Identity.Application", "Identity.Application\Identity.Application.csproj", "{5BE60E08-42F8-4837-BFC1-A9FB39350ABA}"
EndProject
Project("{FAE04EC0-301F-11D3-BF4B-00C04F79EFBC}") = "Identity.Infrastructure", "Identity.Infrastructure\Identity.Infrastructure.csproj", "{F9F8B896-BC6B-41D0-9D56-3DC361AA7B7E}"
EndProject
Project("{2150E333-8FDC-42A3-9474-1A3956D46DE8}") = "Billing", "Billing", "{3F105E05-4A7D-47DD-A81B-8EEF1EE79D31}"
EndProject
Project("{FAE04EC0-301F-11D3-BF4B-00C04F79EFBC}") = "Billing.API", "Billing.API\Billing.API.csproj", "{48CE6DC0-83DD-4BA7-8D9F-5ECDE2A52AC9}"
EndProject
Project("{FAE04EC0-301F-11D3-BF4B-00C04F79EFBC}") = "Billing.Application", "Billing.Application\Billing.Application.csproj", "{37501BB2-6407-4DF1-B8E0-638B5B9AD622}"
EndProject
Project("{FAE04EC0-301F-11D3-BF4B-00C04F79EFBC}") = "Billing.Domain", "Billing.Domain\Billing.Domain.csproj", "{0377019B-6A9E-4094-A28D-C23D1641C7EF}"
EndProject
Project("{FAE04EC0-301F-11D3-BF4B-00C04F79EFBC}") = "Billing.Infrastructure", "Billing.Infrastructure\Billing.Infrastructure.csproj", "{0181C4C7-B153-4646-B7AD-FCFBEDF15C9F}"
EndProject
Global
	GlobalSection(SolutionConfigurationPlatforms) = preSolution
		Debug|Any CPU = Debug|Any CPU
		Release|Any CPU = Release|Any CPU
	EndGlobalSection
	GlobalSection(ProjectConfigurationPlatforms) = postSolution
		{E6649780-BA0B-4A5C-8D81-BFC5E714E49E}.Debug|Any CPU.ActiveCfg = Debug|Any CPU
		{E6649780-BA0B-4A5C-8D81-BFC5E714E49E}.Debug|Any CPU.Build.0 = Debug|Any CPU
		{E6649780-BA0B-4A5C-8D81-BFC5E714E49E}.Release|Any CPU.ActiveCfg = Release|Any CPU
		{E6649780-BA0B-4A5C-8D81-BFC5E714E49E}.Release|Any CPU.Build.0 = Release|Any CPU
		{1D6844CD-0EE1-4C14-BC47-0F75AB095985}.Debug|Any CPU.ActiveCfg = Debug|Any CPU
		{1D6844CD-0EE1-4C14-BC47-0F75AB095985}.Debug|Any CPU.Build.0 = Debug|Any CPU
		{1D6844CD-0EE1-4C14-BC47-0F75AB095985}.Release|Any CPU.ActiveCfg = Release|Any CPU
		{1D6844CD-0EE1-4C14-BC47-0F75AB095985}.Release|Any CPU.Build.0 = Release|Any CPU
		{4AC099D8-360D-4F09-BD7F-79F5EDADCED5}.Debug|Any CPU.ActiveCfg = Debug|Any CPU
		{4AC099D8-360D-4F09-BD7F-79F5EDADCED5}.Debug|Any CPU.Build.0 = Debug|Any CPU
		{4AC099D8-360D-4F09-BD7F-79F5EDADCED5}.Release|Any CPU.ActiveCfg = Release|Any CPU
		{4AC099D8-360D-4F09-BD7F-79F5EDADCED5}.Release|Any CPU.Build.0 = Release|Any CPU
		{8B2C3632-ECA6-47DF-A191-D0FA686734D4}.Debug|Any CPU.ActiveCfg = Debug|Any CPU
		{8B2C3632-ECA6-47DF-A191-D0FA686734D4}.Debug|Any CPU.Build.0 = Debug|Any CPU
		{8B2C3632-ECA6-47DF-A191-D0FA686734D4}.Release|Any CPU.ActiveCfg = Release|Any CPU
		{8B2C3632-ECA6-47DF-A191-D0FA686734D4}.Release|Any CPU.Build.0 = Release|Any CPU
		{46A5A56D-AE30-4BEC-8BEA-B556038FE1E0}.Debug|Any CPU.ActiveCfg = Debug|Any CPU
		{46A5A56D-AE30-4BEC-8BEA-B556038FE1E0}.Debug|Any CPU.Build.0 = Debug|Any CPU
		{46A5A56D-AE30-4BEC-8BEA-B556038FE1E0}.Release|Any CPU.ActiveCfg = Release|Any CPU
		{46A5A56D-AE30-4BEC-8BEA-B556038FE1E0}.Release|Any CPU.Build.0 = Release|Any CPU
		{B5F0CF89-7023-4FCD-809A-D5EA52CDDEB9}.Debug|Any CPU.ActiveCfg = Debug|Any CPU
		{B5F0CF89-7023-4FCD-809A-D5EA52CDDEB9}.Debug|Any CPU.Build.0 = Debug|Any CPU
		{B5F0CF89-7023-4FCD-809A-D5EA52CDDEB9}.Release|Any CPU.ActiveCfg = Release|Any CPU
		{B5F0CF89-7023-4FCD-809A-D5EA52CDDEB9}.Release|Any CPU.Build.0 = Release|Any CPU
		{46FD68A9-8016-440E-8F8F-35697902A8DD}.Debug|Any CPU.ActiveCfg = Debug|Any CPU
		{46FD68A9-8016-440E-8F8F-35697902A8DD}.Debug|Any CPU.Build.0 = Debug|Any CPU
		{46FD68A9-8016-440E-8F8F-35697902A8DD}.Release|Any CPU.ActiveCfg = Release|Any CPU
		{46FD68A9-8016-440E-8F8F-35697902A8DD}.Release|Any CPU.Build.0 = Release|Any CPU
		{54015624-E6A4-4CB7-ACB8-FE9D35725FB1}.Debug|Any CPU.ActiveCfg = Debug|Any CPU
		{54015624-E6A4-4CB7-ACB8-FE9D35725FB1}.Debug|Any CPU.Build.0 = Debug|Any CPU
		{54015624-E6A4-4CB7-ACB8-FE9D35725FB1}.Release|Any CPU.ActiveCfg = Release|Any CPU
		{54015624-E6A4-4CB7-ACB8-FE9D35725FB1}.Release|Any CPU.Build.0 = Release|Any CPU
		{5BE60E08-42F8-4837-BFC1-A9FB39350ABA}.Debug|Any CPU.ActiveCfg = Debug|Any CPU
		{5BE60E08-42F8-4837-BFC1-A9FB39350ABA}.Debug|Any CPU.Build.0 = Debug|Any CPU
		{5BE60E08-42F8-4837-BFC1-A9FB39350ABA}.Release|Any CPU.ActiveCfg = Release|Any CPU
		{5BE60E08-42F8-4837-BFC1-A9FB39350ABA}.Release|Any CPU.Build.0 = Release|Any CPU
		{F9F8B896-BC6B-41D0-9D56-3DC361AA7B7E}.Debug|Any CPU.ActiveCfg = Debug|Any CPU
		{F9F8B896-BC6B-41D0-9D56-3DC361AA7B7E}.Debug|Any CPU.Build.0 = Debug|Any CPU
		{F9F8B896-BC6B-41D0-9D56-3DC361AA7B7E}.Release|Any CPU.ActiveCfg = Release|Any CPU
		{F9F8B896-BC6B-41D0-9D56-3DC361AA7B7E}.Release|Any CPU.Build.0 = Release|Any CPU
		{48CE6DC0-83DD-4BA7-8D9F-5ECDE2A52AC9}.Debug|Any CPU.ActiveCfg = Debug|Any CPU
		{48CE6DC0-83DD-4BA7-8D9F-5ECDE2A52AC9}.Debug|Any CPU.Build.0 = Debug|Any CPU
		{48CE6DC0-83DD-4BA7-8D9F-5ECDE2A52AC9}.Release|Any CPU.ActiveCfg = Release|Any CPU
		{48CE6DC0-83DD-4BA7-8D9F-5ECDE2A52AC9}.Release|Any CPU.Build.0 = Release|Any CPU
		{37501BB2-6407-4DF1-B8E0-638B5B9AD622}.Debug|Any CPU.ActiveCfg = Debug|Any CPU
		{37501BB2-6407-4DF1-B8E0-638B5B9AD622}.Debug|Any CPU.Build.0 = Debug|Any CPU
		{37501BB2-6407-4DF1-B8E0-638B5B9AD622}.Release|Any CPU.ActiveCfg = Release|Any CPU
		{37501BB2-6407-4DF1-B8E0-638B5B9AD622}.Release|Any CPU.Build.0 = Release|Any CPU
		{0377019B-6A9E-4094-A28D-C23D1641C7EF}.Debug|Any CPU.ActiveCfg = Debug|Any CPU
		{0377019B-6A9E-4094-A28D-C23D1641C7EF}.Debug|Any CPU.Build.0 = Debug|Any CPU
		{0377019B-6A9E-4094-A28D-C23D1641C7EF}.Release|Any CPU.ActiveCfg = Release|Any CPU
		{0377019B-6A9E-4094-A28D-C23D1641C7EF}.Release|Any CPU.Build.0 = Release|Any CPU
		{0181C4C7-B153-4646-B7AD-FCFBEDF15C9F}.Debug|Any CPU.ActiveCfg = Debug|Any CPU
		{0181C4C7-B153-4646-B7AD-FCFBEDF15C9F}.Debug|Any CPU.Build.0 = Debug|Any CPU
		{0181C4C7-B153-4646-B7AD-FCFBEDF15C9F}.Release|Any CPU.ActiveCfg = Release|Any CPU
		{0181C4C7-B153-4646-B7AD-FCFBEDF15C9F}.Release|Any CPU.Build.0 = Release|Any CPU
	EndGlobalSection
	GlobalSection(SolutionProperties) = preSolution
		HideSolutionNode = FALSE
	EndGlobalSection
	GlobalSection(NestedProjects) = preSolution
		{84C8AE78-1860-4356-9621-4049D128FEE4} = {8F78161C-341A-4641-B648-90E66E895C3F}
		{E6649780-BA0B-4A5C-8D81-BFC5E714E49E} = {84C8AE78-1860-4356-9621-4049D128FEE4}
		{1D6844CD-0EE1-4C14-BC47-0F75AB095985} = {84C8AE78-1860-4356-9621-4049D128FEE4}
		{4AC099D8-360D-4F09-BD7F-79F5EDADCED5} = {84C8AE78-1860-4356-9621-4049D128FEE4}
		{8B2C3632-ECA6-47DF-A191-D0FA686734D4} = {84C8AE78-1860-4356-9621-4049D128FEE4}
		{46A5A56D-AE30-4BEC-8BEA-B556038FE1E0} = {1E3350D8-E501-4928-9E56-5CEB6E3E1861}
		{B5F0CF89-7023-4FCD-809A-D5EA52CDDEB9} = {1E3350D8-E501-4928-9E56-5CEB6E3E1861}
		{12FA2D10-91CC-4316-AA5A-93922ECB492E} = {8F78161C-341A-4641-B648-90E66E895C3F}
		{46FD68A9-8016-440E-8F8F-35697902A8DD} = {12FA2D10-91CC-4316-AA5A-93922ECB492E}
		{54015624-E6A4-4CB7-ACB8-FE9D35725FB1} = {12FA2D10-91CC-4316-AA5A-93922ECB492E}
		{5BE60E08-42F8-4837-BFC1-A9FB39350ABA} = {12FA2D10-91CC-4316-AA5A-93922ECB492E}
		{F9F8B896-BC6B-41D0-9D56-3DC361AA7B7E} = {12FA2D10-91CC-4316-AA5A-93922ECB492E}
		{48CE6DC0-83DD-4BA7-8D9F-5ECDE2A52AC9} = {3F105E05-4A7D-47DD-A81B-8EEF1EE79D31}
		{37501BB2-6407-4DF1-B8E0-638B5B9AD622} = {3F105E05-4A7D-47DD-A81B-8EEF1EE79D31}
		{0377019B-6A9E-4094-A28D-C23D1641C7EF} = {3F105E05-4A7D-47DD-A81B-8EEF1EE79D31}
		{0181C4C7-B153-4646-B7AD-FCFBEDF15C9F} = {3F105E05-4A7D-47DD-A81B-8EEF1EE79D31}
		{3F105E05-4A7D-47DD-A81B-8EEF1EE79D31} = {8F78161C-341A-4641-B648-90E66E895C3F}
	EndGlobalSection
EndGlobal
