
Microsoft Visual Studio Solution File, Format Version 12.00
# Visual Studio Version 17
VisualStudioVersion = 17.12.35707.178 d17.12
MinimumVisualStudioVersion = 10.0.40219.1
Project("{2150E333-8FDC-42A3-9474-1A3956D46DE8}") = "Services", "Services", "{8F78161C-341A-4641-B648-90E66E895C3F}"
EndProject
Project("{2150E333-8FDC-42A3-9474-1A3956D46DE8}") = "CRM", "CRM", "{84C8AE78-1860-4356-9621-4049D128FEE4}"
EndProject
Project("{FAE04EC0-301F-11D3-BF4B-00C04F79EFBC}") = "CRM.API", "CRM.API\CRM.API.csproj", "{E6649780-BA0B-4A5C-8D81-BFC5E714E49E}"
EndProject
Project("{FAE04EC0-301F-11D3-BF4B-00C04F79EFBC}") = "CRM.Application", "CRM.Application\CRM.Application.csproj", "{1D6844CD-0EE1-4C14-BC47-0F75AB095985}"
EndProject
Project("{FAE04EC0-301F-11D3-BF4B-00C04F79EFBC}") = "CRM.Domain", "CRM.Domain\CRM.Domain.csproj", "{4AC099D8-360D-4F09-BD7F-79F5EDADCED5}"
EndProject
Project("{FAE04EC0-301F-11D3-BF4B-00C04F79EFBC}") = "CRM.Infrastructure", "CRM.Infrastructure\CRM.Infrastructure.csproj", "{8B2C3632-ECA6-47DF-A191-D0FA686734D4}"
EndProject
Project("{2150E333-8FDC-42A3-9474-1A3956D46DE8}") = "Shared", "Shared", "{1E3350D8-E501-4928-9E56-5CEB6E3E1861}"
EndProject
Project("{FAE04EC0-301F-11D3-BF4B-00C04F79EFBC}") = "Kernal", "Kernal\Kernal.csproj", "{46A5A56D-AE30-4BEC-8BEA-B556038FE1E0}"
EndProject
Project("{FAE04EC0-301F-11D3-BF4B-00C04F79EFBC}") = "Persistence", "Persistence\Persistence.csproj", "{B5F0CF89-7023-4FCD-809A-D5EA52CDDEB9}"
EndProject
Global
	GlobalSection(SolutionConfigurationPlatforms) = preSolution
		Debug|Any CPU = Debug|Any CPU
		Release|Any CPU = Release|Any CPU
	EndGlobalSection
	GlobalSection(ProjectConfigurationPlatforms) = postSolution
		{E6649780-BA0B-4A5C-8D81-BFC5E714E49E}.Debug|Any CPU.ActiveCfg = Debug|Any CPU
		{E6649780-BA0B-4A5C-8D81-BFC5E714E49E}.Debug|Any CPU.Build.0 = Debug|Any CPU
		{E6649780-BA0B-4A5C-8D81-BFC5E714E49E}.Release|Any CPU.ActiveCfg = Release|Any CPU
		{E6649780-BA0B-4A5C-8D81-BFC5E714E49E}.Release|Any CPU.Build.0 = Release|Any CPU
		{1D6844CD-0EE1-4C14-BC47-0F75AB095985}.Debug|Any CPU.ActiveCfg = Debug|Any CPU
		{1D6844CD-0EE1-4C14-BC47-0F75AB095985}.Debug|Any CPU.Build.0 = Debug|Any CPU
		{1D6844CD-0EE1-4C14-BC47-0F75AB095985}.Release|Any CPU.ActiveCfg = Release|Any CPU
		{1D6844CD-0EE1-4C14-BC47-0F75AB095985}.Release|Any CPU.Build.0 = Release|Any CPU
		{4AC099D8-360D-4F09-BD7F-79F5EDADCED5}.Debug|Any CPU.ActiveCfg = Debug|Any CPU
		{4AC099D8-360D-4F09-BD7F-79F5EDADCED5}.Debug|Any CPU.Build.0 = Debug|Any CPU
		{4AC099D8-360D-4F09-BD7F-79F5EDADCED5}.Release|Any CPU.ActiveCfg = Release|Any CPU
		{4AC099D8-360D-4F09-BD7F-79F5EDADCED5}.Release|Any CPU.Build.0 = Release|Any CPU
		{8B2C3632-ECA6-47DF-A191-D0FA686734D4}.Debug|Any CPU.ActiveCfg = Debug|Any CPU
		{8B2C3632-ECA6-47DF-A191-D0FA686734D4}.Debug|Any CPU.Build.0 = Debug|Any CPU
		{8B2C3632-ECA6-47DF-A191-D0FA686734D4}.Release|Any CPU.ActiveCfg = Release|Any CPU
		{8B2C3632-ECA6-47DF-A191-D0FA686734D4}.Release|Any CPU.Build.0 = Release|Any CPU
		{46A5A56D-AE30-4BEC-8BEA-B556038FE1E0}.Debug|Any CPU.ActiveCfg = Debug|Any CPU
		{46A5A56D-AE30-4BEC-8BEA-B556038FE1E0}.Debug|Any CPU.Build.0 = Debug|Any CPU
		{46A5A56D-AE30-4BEC-8BEA-B556038FE1E0}.Release|Any CPU.ActiveCfg = Release|Any CPU
		{46A5A56D-AE30-4BEC-8BEA-B556038FE1E0}.Release|Any CPU.Build.0 = Release|Any CPU
		{B5F0CF89-7023-4FCD-809A-D5EA52CDDEB9}.Debug|Any CPU.ActiveCfg = Debug|Any CPU
		{B5F0CF89-7023-4FCD-809A-D5EA52CDDEB9}.Debug|Any CPU.Build.0 = Debug|Any CPU
		{B5F0CF89-7023-4FCD-809A-D5EA52CDDEB9}.Release|Any CPU.ActiveCfg = Release|Any CPU
		{B5F0CF89-7023-4FCD-809A-D5EA52CDDEB9}.Release|Any CPU.Build.0 = Release|Any CPU
	EndGlobalSection
	GlobalSection(SolutionProperties) = preSolution
		HideSolutionNode = FALSE
	EndGlobalSection
	GlobalSection(NestedProjects) = preSolution
		{84C8AE78-1860-4356-9621-4049D128FEE4} = {8F78161C-341A-4641-B648-90E66E895C3F}
		{E6649780-BA0B-4A5C-8D81-BFC5E714E49E} = {84C8AE78-1860-4356-9621-4049D128FEE4}
		{1D6844CD-0EE1-4C14-BC47-0F75AB095985} = {84C8AE78-1860-4356-9621-4049D128FEE4}
		{4AC099D8-360D-4F09-BD7F-79F5EDADCED5} = {84C8AE78-1860-4356-9621-4049D128FEE4}
		{8B2C3632-ECA6-47DF-A191-D0FA686734D4} = {84C8AE78-1860-4356-9621-4049D128FEE4}
		{46A5A56D-AE30-4BEC-8BEA-B556038FE1E0} = {1E3350D8-E501-4928-9E56-5CEB6E3E1861}
		{B5F0CF89-7023-4FCD-809A-D5EA52CDDEB9} = {1E3350D8-E501-4928-9E56-5CEB6E3E1861}
	EndGlobalSection
EndGlobal
